// !$*UTF8*$!
{
	archiveVersion = 1;
	classes = {
	};
	objectVersion = 48;
	objects = {

/* Begin PBXBuildFile section */
		0FE3AAD22119F06D00B09567 /* Assets.xcassets in Resources */ = {isa = PBXBuildFile; fileRef = 0FE3AAD12119F06D00B09567 /* Assets.xcassets */; };
		0FE3AAD4211CD37900B09567 /* CarOfBrandCell.swift in Sources */ = {isa = PBXBuildFile; fileRef = 0FE3AAD3211CD37900B09567 /* CarOfBrandCell.swift */; };
		0FE3AAD6211CD8D100B09567 /* Car.swift in Sources */ = {isa = PBXBuildFile; fileRef = 0FE3AAD5211CD8D100B09567 /* Car.swift */; };
		0FE3AAD8211CE31300B09567 /* CarBrandViewController.swift in Sources */ = {isa = PBXBuildFile; fileRef = 0FE3AAD7211CE31300B09567 /* CarBrandViewController.swift */; };
		0FED1DE021075BA9003B667E /* AppDelegate.swift in Sources */ = {isa = PBXBuildFile; fileRef = 0FED1DDF21075BA9003B667E /* AppDelegate.swift */; };
		0FED1DE221075BA9003B667E /* CategoriesViewController.swift in Sources */ = {isa = PBXBuildFile; fileRef = 0FED1DE121075BA9003B667E /* CategoriesViewController.swift */; };
		0FED1DE521075BA9003B667E /* Main.storyboard in Resources */ = {isa = PBXBuildFile; fileRef = 0FED1DE321075BA9003B667E /* Main.storyboard */; };
		0FED1DEA21075BA9003B667E /* LaunchScreen.storyboard in Resources */ = {isa = PBXBuildFile; fileRef = 0FED1DE821075BA9003B667E /* LaunchScreen.storyboard */; };
		0FED1DF921076A4D003B667E /* CategoryCell.swift in Sources */ = {isa = PBXBuildFile; fileRef = 0FED1DF821076A4D003B667E /* CategoryCell.swift */; };
		0FED1DFC21078AB1003B667E /* Category.swift in Sources */ = {isa = PBXBuildFile; fileRef = 0FED1DFB21078AB1003B667E /* Category.swift */; };
		0FED1DFF21078BFA003B667E /* DataService.swift in Sources */ = {isa = PBXBuildFile; fileRef = 0FED1DFE21078BFA003B667E /* DataService.swift */; };
/* End PBXBuildFile section */

/* Begin PBXFileReference section */
		0FE3AAD12119F06D00B09567 /* Assets.xcassets */ = {isa = PBXFileReference; lastKnownFileType = folder.assetcatalog; name = Assets.xcassets; path = "../../picking image/picking image/Assets.xcassets"; sourceTree = "<group>"; };
		0FE3AAD3211CD37900B09567 /* CarOfBrandCell.swift */ = {isa = PBXFileReference; lastKnownFileType = sourcecode.swift; path = CarOfBrandCell.swift; sourceTree = "<group>"; };
		0FE3AAD5211CD8D100B09567 /* Car.swift */ = {isa = PBXFileReference; lastKnownFileType = sourcecode.swift; path = Car.swift; sourceTree = "<group>"; };
		0FE3AAD7211CE31300B09567 /* CarBrandViewController.swift */ = {isa = PBXFileReference; lastKnownFileType = sourcecode.swift; path = CarBrandViewController.swift; sourceTree = "<group>"; };
		0FED1DDC21075BA9003B667E /* UI Table View.app */ = {isa = PBXFileReference; explicitFileType = wrapper.application; includeInIndex = 0; path = "UI Table View.app"; sourceTree = BUILT_PRODUCTS_DIR; };
		0FED1DDF21075BA9003B667E /* AppDelegate.swift */ = {isa = PBXFileReference; lastKnownFileType = sourcecode.swift; path = AppDelegate.swift; sourceTree = "<group>"; };
		0FED1DE121075BA9003B667E /* CategoriesViewController.swift */ = {isa = PBXFileReference; lastKnownFileType = sourcecode.swift; path = CategoriesViewController.swift; sourceTree = "<group>"; };
		0FED1DE421075BA9003B667E /* Base */ = {isa = PBXFileReference; lastKnownFileType = file.storyboard; name = Base; path = Base.lproj/Main.storyboard; sourceTree = "<group>"; };
		0FED1DE921075BA9003B667E /* Base */ = {isa = PBXFileReference; lastKnownFileType = file.storyboard; name = Base; path = Base.lproj/LaunchScreen.storyboard; sourceTree = "<group>"; };
		0FED1DEB21075BA9003B667E /* Info.plist */ = {isa = PBXFileReference; lastKnownFileType = text.plist.xml; path = Info.plist; sourceTree = "<group>"; };
		0FED1DF821076A4D003B667E /* CategoryCell.swift */ = {isa = PBXFileReference; lastKnownFileType = sourcecode.swift; path = CategoryCell.swift; sourceTree = "<group>"; };
		0FED1DFB21078AB1003B667E /* Category.swift */ = {isa = PBXFileReference; lastKnownFileType = sourcecode.swift; path = Category.swift; sourceTree = "<group>"; };
		0FED1DFE21078BFA003B667E /* DataService.swift */ = {isa = PBXFileReference; lastKnownFileType = sourcecode.swift; path = DataService.swift; sourceTree = "<group>"; };
/* End PBXFileReference section */

/* Begin PBXFrameworksBuildPhase section */
		0FED1DD921075BA9003B667E /* Frameworks */ = {
			isa = PBXFrameworksBuildPhase;
			buildActionMask = 2147483647;
			files = (
			);
			runOnlyForDeploymentPostprocessing = 0;
		};
/* End PBXFrameworksBuildPhase section */

/* Begin PBXGroup section */
		0FED1DD321075BA9003B667E = {
			isa = PBXGroup;
			children = (
				0FED1DDF21075BA9003B667E /* AppDelegate.swift */,
				0FED1DDE21075BA9003B667E /* UI Table View */,
				0FED1DDD21075BA9003B667E /* Products */,
			);
			sourceTree = "<group>";
		};
		0FED1DDD21075BA9003B667E /* Products */ = {
			isa = PBXGroup;
			children = (
				0FED1DDC21075BA9003B667E /* UI Table View.app */,
			);
			name = Products;
			sourceTree = "<group>";
		};
		0FED1DDE21075BA9003B667E /* UI Table View */ = {
			isa = PBXGroup;
			children = (
				0FED1DFD21078BDB003B667E /* Services */,
				0FED1DF321076787003B667E /* Views */,
				0FED1DFA21078A86003B667E /* Model */,
				0FED1E00210793AB003B667E /* Controller */,
				0FED1DE321075BA9003B667E /* Main.storyboard */,
				0FED1DE821075BA9003B667E /* LaunchScreen.storyboard */,
				0FED1DEB21075BA9003B667E /* Info.plist */,
				0FE3AAD12119F06D00B09567 /* Assets.xcassets */,
			);
			path = "UI Table View";
			sourceTree = "<group>";
		};
		0FED1DF321076787003B667E /* Views */ = {
			isa = PBXGroup;
			children = (
				0FED1DF821076A4D003B667E /* CategoryCell.swift */,
				0FE3AAD3211CD37900B09567 /* CarOfBrandCell.swift */,
			);
			path = Views;
			sourceTree = "<group>";
		};
		0FED1DFA21078A86003B667E /* Model */ = {
			isa = PBXGroup;
			children = (
				0FED1DFB21078AB1003B667E /* Category.swift */,
				0FE3AAD5211CD8D100B09567 /* Car.swift */,
			);
			path = Model;
			sourceTree = "<group>";
		};
		0FED1DFD21078BDB003B667E /* Services */ = {
			isa = PBXGroup;
			children = (
				0FED1DFE21078BFA003B667E /* DataService.swift */,
			);
			path = Services;
			sourceTree = "<group>";
		};
		0FED1E00210793AB003B667E /* Controller */ = {
			isa = PBXGroup;
			children = (
				0FED1DE121075BA9003B667E /* CategoriesViewController.swift */,
				0FE3AAD7211CE31300B09567 /* CarBrandViewController.swift */,
			);
			path = Controller;
			sourceTree = "<group>";
		};
/* End PBXGroup section */

/* Begin PBXNativeTarget section */
		0FED1DDB21075BA9003B667E /* UI Table View */ = {
			isa = PBXNativeTarget;
			buildConfigurationList = 0FED1DEE21075BA9003B667E /* Build configuration list for PBXNativeTarget "UI Table View" */;
			buildPhases = (
				0FED1DD821075BA9003B667E /* Sources */,
				0FED1DD921075BA9003B667E /* Frameworks */,
				0FED1DDA21075BA9003B667E /* Resources */,
			);
			buildRules = (
			);
			dependencies = (
			);
			name = "UI Table View";
			productName = "UI Table View";
			productReference = 0FED1DDC21075BA9003B667E /* UI Table View.app */;
			productType = "com.apple.product-type.application";
		};
/* End PBXNativeTarget section */

/* Begin PBXProject section */
		0FED1DD421075BA9003B667E /* Project object */ = {
			isa = PBXProject;
			attributes = {
				LastSwiftUpdateCheck = 0920;
				LastUpgradeCheck = 0920;
				ORGANIZATIONNAME = "Taha Magdy";
				TargetAttributes = {
					0FED1DDB21075BA9003B667E = {
						CreatedOnToolsVersion = 9.2;
						ProvisioningStyle = Automatic;
					};
				};
			};
			buildConfigurationList = 0FED1DD721075BA9003B667E /* Build configuration list for PBXProject "UI Table View" */;
			compatibilityVersion = "Xcode 8.0";
			developmentRegion = en;
			hasScannedForEncodings = 0;
			knownRegions = (
				en,
				Base,
			);
			mainGroup = 0FED1DD321075BA9003B667E;
			productRefGroup = 0FED1DDD21075BA9003B667E /* Products */;
			projectDirPath = "";
			projectRoot = "";
			targets = (
				0FED1DDB21075BA9003B667E /* UI Table View */,
			);
		};
/* End PBXProject section */

/* Begin PBXResourcesBuildPhase section */
		0FED1DDA21075BA9003B667E /* Resources */ = {
			isa = PBXResourcesBuildPhase;
			buildActionMask = 2147483647;
			files = (
				0FED1DEA21075BA9003B667E /* LaunchScreen.storyboard in Resources */,
				0FE3AAD22119F06D00B09567 /* Assets.xcassets in Resources */,
				0FED1DE521075BA9003B667E /* Main.storyboard in Resources */,
			);
			runOnlyForDeploymentPostprocessing = 0;
		};
/* End PBXResourcesBuildPhase section */

/* Begin PBXSourcesBuildPhase section */
		0FED1DD821075BA9003B667E /* Sources */ = {
			isa = PBXSourcesBuildPhase;
			buildActionMask = 2147483647;
			files = (
				0FED1DE221075BA9003B667E /* CategoriesViewController.swift in Sources */,
				0FE3AAD4211CD37900B09567 /* CarOfBrandCell.swift in Sources */,
				0FED1DE021075BA9003B667E /* AppDelegate.swift in Sources */,
				0FE3AAD8211CE31300B09567 /* CarBrandViewController.swift in Sources */,
				0FED1DF921076A4D003B667E /* CategoryCell.swift in Sources */,
				0FED1DFC21078AB1003B667E /* Category.swift in Sources */,
				0FE3AAD6211CD8D100B09567 /* Car.swift in Sources */,
				0FED1DFF21078BFA003B667E /* DataService.swift in Sources */,
			);
			runOnlyForDeploymentPostprocessing = 0;
		};
/* End PBXSourcesBuildPhase section */

/* Begin PBXVariantGroup section */
		0FED1DE321075BA9003B667E /* Main.storyboard */ = {
			isa = PBXVariantGroup;
			children = (
				0FED1DE421075BA9003B667E /* Base */,
			);
			name = Main.storyboard;
			sourceTree = "<group>";
		};
		0FED1DE821075BA9003B667E /* LaunchScreen.storyboard */ = {
			isa = PBXVariantGroup;
			children = (
				0FED1DE921075BA9003B667E /* Base */,
			);
			name = LaunchScreen.storyboard;
			sourceTree = "<group>";
		};
/* End PBXVariantGroup section */

/* Begin XCBuildConfiguration section */
		0FED1DEC21075BA9003B667E /* Debug */ = {
			isa = XCBuildConfiguration;
			buildSettings = {
				ALWAYS_SEARCH_USER_PATHS = NO;
				CLANG_ANALYZER_NONNULL = YES;
				CLANG_ANALYZER_NUMBER_OBJECT_CONVERSION = YES_AGGRESSIVE;
				CLANG_CXX_LANGUAGE_STANDARD = "gnu++14";
				CLANG_CXX_LIBRARY = "libc++";
				CLANG_ENABLE_MODULES = YES;
				CLANG_ENABLE_OBJC_ARC = YES;
				CLANG_WARN_BLOCK_CAPTURE_AUTORELEASING = YES;
				CLANG_WARN_BOOL_CONVERSION = YES;
				CLANG_WARN_COMMA = YES;
				CLANG_WARN_CONSTANT_CONVERSION = YES;
				CLANG_WARN_DIRECT_OBJC_ISA_USAGE = YES_ERROR;
				CLANG_WARN_DOCUMENTATION_COMMENTS = YES;
				CLANG_WARN_EMPTY_BODY = YES;
				CLANG_WARN_ENUM_CONVERSION = YES;
				CLANG_WARN_INFINITE_RECURSION = YES;
				CLANG_WARN_INT_CONVERSION = YES;
				CLANG_WARN_NON_LITERAL_NULL_CONVERSION = YES;
				CLANG_WARN_OBJC_LITERAL_CONVERSION = YES;
				CLANG_WARN_OBJC_ROOT_CLASS = YES_ERROR;
				CLANG_WARN_RANGE_LOOP_ANALYSIS = YES;
				CLANG_WARN_STRICT_PROTOTYPES = YES;
				CLANG_WARN_SUSPICIOUS_MOVE = YES;
				CLANG_WARN_UNGUARDED_AVAILABILITY = YES_AGGRESSIVE;
				CLANG_WARN_UNREACHABLE_CODE = YES;
				CLANG_WARN__DUPLICATE_METHOD_MATCH = YES;
				CODE_SIGN_IDENTITY = "iPhone Developer";
				COPY_PHASE_STRIP = NO;
				DEBUG_INFORMATION_FORMAT = dwarf;
				ENABLE_STRICT_OBJC_MSGSEND = YES;
				ENABLE_TESTABILITY = YES;
				GCC_C_LANGUAGE_STANDARD = gnu11;
				GCC_DYNAMIC_NO_PIC = NO;
				GCC_NO_COMMON_BLOCKS = YES;
				GCC_OPTIMIZATION_LEVEL = 0;
				GCC_PREPROCESSOR_DEFINITIONS = (
					"DEBUG=1",
					"$(inherited)",
				);
				GCC_WARN_64_TO_32_BIT_CONVERSION = YES;
				GCC_WARN_ABOUT_RETURN_TYPE = YES_ERROR;
				GCC_WARN_UNDECLARED_SELECTOR = YES;
				GCC_WARN_UNINITIALIZED_AUTOS = YES_AGGRESSIVE;
				GCC_WARN_UNUSED_FUNCTION = YES;
				GCC_WARN_UNUSED_VARIABLE = YES;
				IPHONEOS_DEPLOYMENT_TARGET = 11.2;
				MTL_ENABLE_DEBUG_INFO = YES;
				ONLY_ACTIVE_ARCH = YES;
				SDKROOT = iphoneos;
				SWIFT_ACTIVE_COMPILATION_CONDITIONS = DEBUG;
				SWIFT_OPTIMIZATION_LEVEL = "-Onone";
			};
			name = Debug;
		};
		0FED1DED21075BA9003B667E /* Release */ = {
			isa = XCBuildConfiguration;
			buildSettings = {
				ALWAYS_SEARCH_USER_PATHS = NO;
				CLANG_ANALYZER_NONNULL = YES;
				CLANG_ANALYZER_NUMBER_OBJECT_CONVERSION = YES_AGGRESSIVE;
				CLANG_CXX_LANGUAGE_STANDARD = "gnu++14";
				CLANG_CXX_LIBRARY = "libc++";
				CLANG_ENABLE_MODULES = YES;
				CLANG_ENABLE_OBJC_ARC = YES;
				CLANG_WARN_BLOCK_CAPTURE_AUTORELEASING = YES;
				CLANG_WARN_BOOL_CONVERSION = YES;
				CLANG_WARN_COMMA = YES;
				CLANG_WARN_CONSTANT_CONVERSION = YES;
				CLANG_WARN_DIRECT_OBJC_ISA_USAGE = YES_ERROR;
				CLANG_WARN_DOCUMENTATION_COMMENTS = YES;
				CLANG_WARN_EMPTY_BODY = YES;
				CLANG_WARN_ENUM_CONVERSION = YES;
				CLANG_WARN_INFINITE_RECURSION = YES;
				CLANG_WARN_INT_CONVERSION = YES;
				CLANG_WARN_NON_LITERAL_NULL_CONVERSION = YES;
				CLANG_WARN_OBJC_LITERAL_CONVERSION = YES;
				CLANG_WARN_OBJC_ROOT_CLASS = YES_ERROR;
				CLANG_WARN_RANGE_LOOP_ANALYSIS = YES;
				CLANG_WARN_STRICT_PROTOTYPES = YES;
				CLANG_WARN_SUSPICIOUS_MOVE = YES;
				CLANG_WARN_UNGUARDED_AVAILABILITY = YES_AGGRESSIVE;
				CLANG_WARN_UNREACHABLE_CODE = YES;
				CLANG_WARN__DUPLICATE_METHOD_MATCH = YES;
				CODE_SIGN_IDENTITY = "iPhone Developer";
				COPY_PHASE_STRIP = NO;
				DEBUG_INFORMATION_FORMAT = "dwarf-with-dsym";
				ENABLE_NS_ASSERTIONS = NO;
				ENABLE_STRICT_OBJC_MSGSEND = YES;
				GCC_C_LANGUAGE_STANDARD = gnu11;
				GCC_NO_COMMON_BLOCKS = YES;
				GCC_WARN_64_TO_32_BIT_CONVERSION = YES;
				GCC_WARN_ABOUT_RETURN_TYPE = YES_ERROR;
				GCC_WARN_UNDECLARED_SELECTOR = YES;
				GCC_WARN_UNINITIALIZED_AUTOS = YES_AGGRESSIVE;
				GCC_WARN_UNUSED_FUNCTION = YES;
				GCC_WARN_UNUSED_VARIABLE = YES;
				IPHONEOS_DEPLOYMENT_TARGET = 11.2;
				MTL_ENABLE_DEBUG_INFO = NO;
				SDKROOT = iphoneos;
				SWIFT_OPTIMIZATION_LEVEL = "-Owholemodule";
				VALIDATE_PRODUCT = YES;
			};
			name = Release;
		};
		0FED1DEF21075BA9003B667E /* Debug */ = {
			isa = XCBuildConfiguration;
			buildSettings = {
				ASSETCATALOG_COMPILER_APPICON_NAME = AppIcon;
				CODE_SIGN_STYLE = Automatic;
				DEVELOPMENT_TEAM = G28Z3579C6;
				INFOPLIST_FILE = "UI Table View/Info.plist";
				IPHONEOS_DEPLOYMENT_TARGET = 10.3;
				LD_RUNPATH_SEARCH_PATHS = "$(inherited) @executable_path/Frameworks";
				PRODUCT_BUNDLE_IDENTIFIER = "taha.UI-Table-View";
				PRODUCT_NAME = "$(TARGET_NAME)";
				SWIFT_VERSION = 4.0;
				TARGETED_DEVICE_FAMILY = "1,2";
			};
			name = Debug;
		};
		0FED1DF021075BA9003B667E /* Release */ = {
			isa = XCBuildConfiguration;
			buildSettings = {
				ASSETCATALOG_COMPILER_APPICON_NAME = AppIcon;
				CODE_SIGN_STYLE = Automatic;
				DEVELOPMENT_TEAM = G28Z3579C6;
				INFOPLIST_FILE = "UI Table View/Info.plist";
				IPHONEOS_DEPLOYMENT_TARGET = 10.3;
				LD_RUNPATH_SEARCH_PATHS = "$(inherited) @executable_path/Frameworks";
				PRODUCT_BUNDLE_IDENTIFIER = "taha.UI-Table-View";
				PRODUCT_NAME = "$(TARGET_NAME)";
				SWIFT_VERSION = 4.0;
				TARGETED_DEVICE_FAMILY = "1,2";
			};
			name = Release;
		};
/* End XCBuildConfiguration section */

/* Begin XCConfigurationList section */
		0FED1DD721075BA9003B667E /* Build configuration list for PBXProject "UI Table View" */ = {
			isa = XCConfigurationList;
			buildConfigurations = (
				0FED1DEC21075BA9003B667E /* Debug */,
				0FED1DED21075BA9003B667E /* Release */,
			);
			defaultConfigurationIsVisible = 0;
			defaultConfigurationName = Release;
		};
		0FED1DEE21075BA9003B667E /* Build configuration list for PBXNativeTarget "UI Table View" */ = {
			isa = XCConfigurationList;
			buildConfigurations = (
				0FED1DEF21075BA9003B667E /* Debug */,
				0FED1DF021075BA9003B667E /* Release */,
			);
			defaultConfigurationIsVisible = 0;
			defaultConfigurationName = Release;
		};
/* End XCConfigurationList section */
	};
	rootObject = 0FED1DD421075BA9003B667E /* Project object */;
}
